
Microsoft Visual Studio Solution File, Format Version 12.00
# Visual Studio Version 17
Project("{2150E333-8FDC-42A3-9474-1A3956D46DE8}") = "CMakePredefinedTargets", "CMakePredefinedTargets", "{8960404F-E36B-3A1A-A8DA-A188D188B210}"
EndProject
Project("{2150E333-8FDC-42A3-9474-1A3956D46DE8}") = "External", "External", "{692C5DFF-FD43-31E1-8187-96E4E260D952}"
EndProject
Project("{2150E333-8FDC-42A3-9474-1A3956D46DE8}") = "Internal", "Internal", "{8C119D16-289D-3E4F-9456-5870F8F60CAF}"
EndProject
Project("{8BC9CEB8-8B4A-11D0-8D11-00A0C91BC942}") = "ALL_BUILD", "ALL_BUILD.vcxproj", "{25AC6539-3579-3E30-969C-76B1457BBD09}"
	ProjectSection(ProjectDependencies) = postProject
		{6BC3122E-8BA0-3440-91EB-AD293E1AF4D5} = {6BC3122E-8BA0-3440-91EB-AD293E1AF4D5}
		{551B6B27-792E-396E-9B15-2276CA272C5F} = {551B6B27-792E-396E-9B15-2276CA272C5F}
		{10730C81-DD03-30B1-8885-A9D651CEECCD} = {10730C81-DD03-30B1-8885-A9D651CEECCD}
		{42093894-874E-3630-A13C-7485BB30F551} = {42093894-874E-3630-A13C-7485BB30F551}
		{C19B8D53-8E6E-39CE-A027-3BE5FB992EF6} = {C19B8D53-8E6E-39CE-A027-3BE5FB992EF6}
		{514C6319-D873-3871-A709-FE3D8CD5AA43} = {514C6319-D873-3871-A709-FE3D8CD5AA43}
		{AC21CB6A-2ED0-3AEE-B65A-0685CFB75CBF} = {AC21CB6A-2ED0-3AEE-B65A-0685CFB75CBF}
		{8B85C55E-C2F6-31CF-8E6D-BC91D76BED6F} = {8B85C55E-C2F6-31CF-8E6D-BC91D76BED6F}
		{DF600F6D-BE2A-3120-BFF7-3BC83880D76C} = {DF600F6D-BE2A-3120-BFF7-3BC83880D76C}
		{3D791F6B-3459-3C18-BC94-75276E2C0AE0} = {3D791F6B-3459-3C18-BC94-75276E2C0AE0}
		{F21414B8-563D-349B-9345-58EE1E1DBC5A} = {F21414B8-563D-349B-9345-58EE1E1DBC5A}
		{4305A8A1-9134-30E7-9F62-1860C45B7055} = {4305A8A1-9134-30E7-9F62-1860C45B7055}
		{10D9C45C-94F1-3E84-BAB3-30EED8868427} = {10D9C45C-94F1-3E84-BAB3-30EED8868427}
	EndProjectSection
EndProject
Project("{8BC9CEB8-8B4A-11D0-8D11-00A0C91BC942}") = "ZERO_CHECK", "..\..\..\\ZERO_CHECK.vcxproj", "{6BC3122E-8BA0-3440-91EB-AD293E1AF4D5}"
	ProjectSection(ProjectDependencies) = postProject
	EndProjectSection
EndProject
Project("{8BC9CEB8-8B4A-11D0-8D11-00A0C91BC942}") = "cocos2d", "cocos2d.vcxproj", "{551B6B27-792E-396E-9B15-2276CA272C5F}"
	ProjectSection(ProjectDependencies) = postProject
		{6BC3122E-8BA0-3440-91EB-AD293E1AF4D5} = {6BC3122E-8BA0-3440-91EB-AD293E1AF4D5}
		{10730C81-DD03-30B1-8885-A9D651CEECCD} = {10730C81-DD03-30B1-8885-A9D651CEECCD}
		{42093894-874E-3630-A13C-7485BB30F551} = {42093894-874E-3630-A13C-7485BB30F551}
		{C19B8D53-8E6E-39CE-A027-3BE5FB992EF6} = {C19B8D53-8E6E-39CE-A027-3BE5FB992EF6}
		{514C6319-D873-3871-A709-FE3D8CD5AA43} = {514C6319-D873-3871-A709-FE3D8CD5AA43}
		{AC21CB6A-2ED0-3AEE-B65A-0685CFB75CBF} = {AC21CB6A-2ED0-3AEE-B65A-0685CFB75CBF}
		{8B85C55E-C2F6-31CF-8E6D-BC91D76BED6F} = {8B85C55E-C2F6-31CF-8E6D-BC91D76BED6F}
		{DF600F6D-BE2A-3120-BFF7-3BC83880D76C} = {DF600F6D-BE2A-3120-BFF7-3BC83880D76C}
		{3D791F6B-3459-3C18-BC94-75276E2C0AE0} = {3D791F6B-3459-3C18-BC94-75276E2C0AE0}
		{F21414B8-563D-349B-9345-58EE1E1DBC5A} = {F21414B8-563D-349B-9345-58EE1E1DBC5A}
		{4305A8A1-9134-30E7-9F62-1860C45B7055} = {4305A8A1-9134-30E7-9F62-1860C45B7055}
		{10D9C45C-94F1-3E84-BAB3-30EED8868427} = {10D9C45C-94F1-3E84-BAB3-30EED8868427}
	EndProjectSection
EndProject
Project("{8BC9CEB8-8B4A-11D0-8D11-00A0C91BC942}") = "ext_clipper", "..\..\external\clipper\ext_clipper.vcxproj", "{10730C81-DD03-30B1-8885-A9D651CEECCD}"
	ProjectSection(ProjectDependencies) = postProject
		{6BC3122E-8BA0-3440-91EB-AD293E1AF4D5} = {6BC3122E-8BA0-3440-91EB-AD293E1AF4D5}
	EndProjectSection
EndProject
Project("{8BC9CEB8-8B4A-11D0-8D11-00A0C91BC942}") = "ext_convertUTF", "..\..\external\ConvertUTF\ext_convertUTF.vcxproj", "{42093894-874E-3630-A13C-7485BB30F551}"
	ProjectSection(ProjectDependencies) = postProject
		{6BC3122E-8BA0-3440-91EB-AD293E1AF4D5} = {6BC3122E-8BA0-3440-91EB-AD293E1AF4D5}
	EndProjectSection
EndProject
Project("{8BC9CEB8-8B4A-11D0-8D11-00A0C91BC942}") = "ext_edtaa3func", "..\..\external\edtaa3func\ext_edtaa3func.vcxproj", "{C19B8D53-8E6E-39CE-A027-3BE5FB992EF6}"
	ProjectSection(ProjectDependencies) = postProject
		{6BC3122E-8BA0-3440-91EB-AD293E1AF4D5} = {6BC3122E-8BA0-3440-91EB-AD293E1AF4D5}
	EndProjectSection
EndProject
Project("{8BC9CEB8-8B4A-11D0-8D11-00A0C91BC942}") = "ext_md5", "..\..\external\md5\ext_md5.vcxproj", "{514C6319-D873-3871-A709-FE3D8CD5AA43}"
	ProjectSection(ProjectDependencies) = postProject
		{6BC3122E-8BA0-3440-91EB-AD293E1AF4D5} = {6BC3122E-8BA0-3440-91EB-AD293E1AF4D5}
	EndProjectSection
EndProject
Project("{8BC9CEB8-8B4A-11D0-8D11-00A0C91BC942}") = "ext_poly2tri", "..\..\external\poly2tri\ext_poly2tri.vcxproj", "{AC21CB6A-2ED0-3AEE-B65A-0685CFB75CBF}"
	ProjectSection(ProjectDependencies) = postProject
		{6BC3122E-8BA0-3440-91EB-AD293E1AF4D5} = {6BC3122E-8BA0-3440-91EB-AD293E1AF4D5}
	EndProjectSection
EndProject
Project("{8BC9CEB8-8B4A-11D0-8D11-00A0C91BC942}") = "ext_recast", "..\..\external\recast\ext_recast.vcxproj", "{8B85C55E-C2F6-31CF-8E6D-BC91D76BED6F}"
	ProjectSection(ProjectDependencies) = postProject
		{6BC3122E-8BA0-3440-91EB-AD293E1AF4D5} = {6BC3122E-8BA0-3440-91EB-AD293E1AF4D5}
	EndProjectSection
EndProject
Project("{8BC9CEB8-8B4A-11D0-8D11-00A0C91BC942}") = "ext_tinyxml2", "..\..\external\tinyxml2\ext_tinyxml2.vcxproj", "{DF600F6D-BE2A-3120-BFF7-3BC83880D76C}"
	ProjectSection(ProjectDependencies) = postProject
		{6BC3122E-8BA0-3440-91EB-AD293E1AF4D5} = {6BC3122E-8BA0-3440-91EB-AD293E1AF4D5}
	EndProjectSection
EndProject
Project("{8BC9CEB8-8B4A-11D0-8D11-00A0C91BC942}") = "ext_unzip", "..\..\external\unzip\ext_unzip.vcxproj", "{3D791F6B-3459-3C18-BC94-75276E2C0AE0}"
	ProjectSection(ProjectDependencies) = postProject
		{6BC3122E-8BA0-3440-91EB-AD293E1AF4D5} = {6BC3122E-8BA0-3440-91EB-AD293E1AF4D5}
	EndProjectSection
EndProject
Project("{8BC9CEB8-8B4A-11D0-8D11-00A0C91BC942}") = "ext_xxhash", "..\..\external\xxhash\ext_xxhash.vcxproj", "{F21414B8-563D-349B-9345-58EE1E1DBC5A}"
	ProjectSection(ProjectDependencies) = postProject
		{6BC3122E-8BA0-3440-91EB-AD293E1AF4D5} = {6BC3122E-8BA0-3440-91EB-AD293E1AF4D5}
	EndProjectSection
EndProject
Project("{8BC9CEB8-8B4A-11D0-8D11-00A0C91BC942}") = "ext_xxtea", "..\..\external\xxtea\ext_xxtea.vcxproj", "{4305A8A1-9134-30E7-9F62-1860C45B7055}"
	ProjectSection(ProjectDependencies) = postProject
		{6BC3122E-8BA0-3440-91EB-AD293E1AF4D5} = {6BC3122E-8BA0-3440-91EB-AD293E1AF4D5}
	EndProjectSection
EndProject
Project("{8BC9CEB8-8B4A-11D0-8D11-00A0C91BC942}") = "external", "..\..\external\external.vcxproj", "{10D9C45C-94F1-3E84-BAB3-30EED8868427}"
	ProjectSection(ProjectDependencies) = postProject
		{6BC3122E-8BA0-3440-91EB-AD293E1AF4D5} = {6BC3122E-8BA0-3440-91EB-AD293E1AF4D5}
		{10730C81-DD03-30B1-8885-A9D651CEECCD} = {10730C81-DD03-30B1-8885-A9D651CEECCD}
		{42093894-874E-3630-A13C-7485BB30F551} = {42093894-874E-3630-A13C-7485BB30F551}
		{C19B8D53-8E6E-39CE-A027-3BE5FB992EF6} = {C19B8D53-8E6E-39CE-A027-3BE5FB992EF6}
		{514C6319-D873-3871-A709-FE3D8CD5AA43} = {514C6319-D873-3871-A709-FE3D8CD5AA43}
		{AC21CB6A-2ED0-3AEE-B65A-0685CFB75CBF} = {AC21CB6A-2ED0-3AEE-B65A-0685CFB75CBF}
		{8B85C55E-C2F6-31CF-8E6D-BC91D76BED6F} = {8B85C55E-C2F6-31CF-8E6D-BC91D76BED6F}
		{DF600F6D-BE2A-3120-BFF7-3BC83880D76C} = {DF600F6D-BE2A-3120-BFF7-3BC83880D76C}
		{3D791F6B-3459-3C18-BC94-75276E2C0AE0} = {3D791F6B-3459-3C18-BC94-75276E2C0AE0}
		{F21414B8-563D-349B-9345-58EE1E1DBC5A} = {F21414B8-563D-349B-9345-58EE1E1DBC5A}
		{4305A8A1-9134-30E7-9F62-1860C45B7055} = {4305A8A1-9134-30E7-9F62-1860C45B7055}
	EndProjectSection
EndProject
Global
	GlobalSection(SolutionConfigurationPlatforms) = preSolution
		Debug|x64 = Debug|x64
		Release|x64 = Release|x64
		MinSizeRel|x64 = MinSizeRel|x64
		RelWithDebInfo|x64 = RelWithDebInfo|x64
	EndGlobalSection
	GlobalSection(ProjectConfigurationPlatforms) = postSolution
		{25AC6539-3579-3E30-969C-76B1457BBD09}.Debug|x64.ActiveCfg = Debug|x64
		{25AC6539-3579-3E30-969C-76B1457BBD09}.Release|x64.ActiveCfg = Release|x64
		{25AC6539-3579-3E30-969C-76B1457BBD09}.MinSizeRel|x64.ActiveCfg = MinSizeRel|x64
		{25AC6539-3579-3E30-969C-76B1457BBD09}.RelWithDebInfo|x64.ActiveCfg = RelWithDebInfo|x64
		{6BC3122E-8BA0-3440-91EB-AD293E1AF4D5}.Debug|x64.ActiveCfg = Debug|x64
		{6BC3122E-8BA0-3440-91EB-AD293E1AF4D5}.Debug|x64.Build.0 = Debug|x64
		{6BC3122E-8BA0-3440-91EB-AD293E1AF4D5}.Release|x64.ActiveCfg = Release|x64
		{6BC3122E-8BA0-3440-91EB-AD293E1AF4D5}.Release|x64.Build.0 = Release|x64
		{6BC3122E-8BA0-3440-91EB-AD293E1AF4D5}.MinSizeRel|x64.ActiveCfg = MinSizeRel|x64
		{6BC3122E-8BA0-3440-91EB-AD293E1AF4D5}.MinSizeRel|x64.Build.0 = MinSizeRel|x64
		{6BC3122E-8BA0-3440-91EB-AD293E1AF4D5}.RelWithDebInfo|x64.ActiveCfg = RelWithDebInfo|x64
		{6BC3122E-8BA0-3440-91EB-AD293E1AF4D5}.RelWithDebInfo|x64.Build.0 = RelWithDebInfo|x64
		{551B6B27-792E-396E-9B15-2276CA272C5F}.Debug|x64.ActiveCfg = Debug|x64
		{551B6B27-792E-396E-9B15-2276CA272C5F}.Debug|x64.Build.0 = Debug|x64
		{551B6B27-792E-396E-9B15-2276CA272C5F}.Release|x64.ActiveCfg = Release|x64
		{551B6B27-792E-396E-9B15-2276CA272C5F}.Release|x64.Build.0 = Release|x64
		{551B6B27-792E-396E-9B15-2276CA272C5F}.MinSizeRel|x64.ActiveCfg = MinSizeRel|x64
		{551B6B27-792E-396E-9B15-2276CA272C5F}.MinSizeRel|x64.Build.0 = MinSizeRel|x64
		{551B6B27-792E-396E-9B15-2276CA272C5F}.RelWithDebInfo|x64.ActiveCfg = RelWithDebInfo|x64
		{551B6B27-792E-396E-9B15-2276CA272C5F}.RelWithDebInfo|x64.Build.0 = RelWithDebInfo|x64
		{10730C81-DD03-30B1-8885-A9D651CEECCD}.Debug|x64.ActiveCfg = Debug|x64
		{10730C81-DD03-30B1-8885-A9D651CEECCD}.Debug|x64.Build.0 = Debug|x64
		{10730C81-DD03-30B1-8885-A9D651CEECCD}.Release|x64.ActiveCfg = Release|x64
		{10730C81-DD03-30B1-8885-A9D651CEECCD}.Release|x64.Build.0 = Release|x64
		{10730C81-DD03-30B1-8885-A9D651CEECCD}.MinSizeRel|x64.ActiveCfg = MinSizeRel|x64
		{10730C81-DD03-30B1-8885-A9D651CEECCD}.MinSizeRel|x64.Build.0 = MinSizeRel|x64
		{10730C81-DD03-30B1-8885-A9D651CEECCD}.RelWithDebInfo|x64.ActiveCfg = RelWithDebInfo|x64
		{10730C81-DD03-30B1-8885-A9D651CEECCD}.RelWithDebInfo|x64.Build.0 = RelWithDebInfo|x64
		{42093894-874E-3630-A13C-7485BB30F551}.Debug|x64.ActiveCfg = Debug|x64
		{42093894-874E-3630-A13C-7485BB30F551}.Debug|x64.Build.0 = Debug|x64
		{42093894-874E-3630-A13C-7485BB30F551}.Release|x64.ActiveCfg = Release|x64
		{42093894-874E-3630-A13C-7485BB30F551}.Release|x64.Build.0 = Release|x64
		{42093894-874E-3630-A13C-7485BB30F551}.MinSizeRel|x64.ActiveCfg = MinSizeRel|x64
		{42093894-874E-3630-A13C-7485BB30F551}.MinSizeRel|x64.Build.0 = MinSizeRel|x64
		{42093894-874E-3630-A13C-7485BB30F551}.RelWithDebInfo|x64.ActiveCfg = RelWithDebInfo|x64
		{42093894-874E-3630-A13C-7485BB30F551}.RelWithDebInfo|x64.Build.0 = RelWithDebInfo|x64
		{C19B8D53-8E6E-39CE-A027-3BE5FB992EF6}.Debug|x64.ActiveCfg = Debug|x64
		{C19B8D53-8E6E-39CE-A027-3BE5FB992EF6}.Debug|x64.Build.0 = Debug|x64
		{C19B8D53-8E6E-39CE-A027-3BE5FB992EF6}.Release|x64.ActiveCfg = Release|x64
		{C19B8D53-8E6E-39CE-A027-3BE5FB992EF6}.Release|x64.Build.0 = Release|x64
		{C19B8D53-8E6E-39CE-A027-3BE5FB992EF6}.MinSizeRel|x64.ActiveCfg = MinSizeRel|x64
		{C19B8D53-8E6E-39CE-A027-3BE5FB992EF6}.MinSizeRel|x64.Build.0 = MinSizeRel|x64
		{C19B8D53-8E6E-39CE-A027-3BE5FB992EF6}.RelWithDebInfo|x64.ActiveCfg = RelWithDebInfo|x64
		{C19B8D53-8E6E-39CE-A027-3BE5FB992EF6}.RelWithDebInfo|x64.Build.0 = RelWithDebInfo|x64
		{514C6319-D873-3871-A709-FE3D8CD5AA43}.Debug|x64.ActiveCfg = Debug|x64
		{514C6319-D873-3871-A709-FE3D8CD5AA43}.Debug|x64.Build.0 = Debug|x64
		{514C6319-D873-3871-A709-FE3D8CD5AA43}.Release|x64.ActiveCfg = Release|x64
		{514C6319-D873-3871-A709-FE3D8CD5AA43}.Release|x64.Build.0 = Release|x64
		{514C6319-D873-3871-A709-FE3D8CD5AA43}.MinSizeRel|x64.ActiveCfg = MinSizeRel|x64
		{514C6319-D873-3871-A709-FE3D8CD5AA43}.MinSizeRel|x64.Build.0 = MinSizeRel|x64
		{514C6319-D873-3871-A709-FE3D8CD5AA43}.RelWithDebInfo|x64.ActiveCfg = RelWithDebInfo|x64
		{514C6319-D873-3871-A709-FE3D8CD5AA43}.RelWithDebInfo|x64.Build.0 = RelWithDebInfo|x64
		{AC21CB6A-2ED0-3AEE-B65A-0685CFB75CBF}.Debug|x64.ActiveCfg = Debug|x64
		{AC21CB6A-2ED0-3AEE-B65A-0685CFB75CBF}.Debug|x64.Build.0 = Debug|x64
		{AC21CB6A-2ED0-3AEE-B65A-0685CFB75CBF}.Release|x64.ActiveCfg = Release|x64
		{AC21CB6A-2ED0-3AEE-B65A-0685CFB75CBF}.Release|x64.Build.0 = Release|x64
		{AC21CB6A-2ED0-3AEE-B65A-0685CFB75CBF}.MinSizeRel|x64.ActiveCfg = MinSizeRel|x64
		{AC21CB6A-2ED0-3AEE-B65A-0685CFB75CBF}.MinSizeRel|x64.Build.0 = MinSizeRel|x64
		{AC21CB6A-2ED0-3AEE-B65A-0685CFB75CBF}.RelWithDebInfo|x64.ActiveCfg = RelWithDebInfo|x64
		{AC21CB6A-2ED0-3AEE-B65A-0685CFB75CBF}.RelWithDebInfo|x64.Build.0 = RelWithDebInfo|x64
		{8B85C55E-C2F6-31CF-8E6D-BC91D76BED6F}.Debug|x64.ActiveCfg = Debug|x64
		{8B85C55E-C2F6-31CF-8E6D-BC91D76BED6F}.Debug|x64.Build.0 = Debug|x64
		{8B85C55E-C2F6-31CF-8E6D-BC91D76BED6F}.Release|x64.ActiveCfg = Release|x64
		{8B85C55E-C2F6-31CF-8E6D-BC91D76BED6F}.Release|x64.Build.0 = Release|x64
		{8B85C55E-C2F6-31CF-8E6D-BC91D76BED6F}.MinSizeRel|x64.ActiveCfg = MinSizeRel|x64
		{8B85C55E-C2F6-31CF-8E6D-BC91D76BED6F}.MinSizeRel|x64.Build.0 = MinSizeRel|x64
		{8B85C55E-C2F6-31CF-8E6D-BC91D76BED6F}.RelWithDebInfo|x64.ActiveCfg = RelWithDebInfo|x64
		{8B85C55E-C2F6-31CF-8E6D-BC91D76BED6F}.RelWithDebInfo|x64.Build.0 = RelWithDebInfo|x64
		{DF600F6D-BE2A-3120-BFF7-3BC83880D76C}.Debug|x64.ActiveCfg = Debug|x64
		{DF600F6D-BE2A-3120-BFF7-3BC83880D76C}.Debug|x64.Build.0 = Debug|x64
		{DF600F6D-BE2A-3120-BFF7-3BC83880D76C}.Release|x64.ActiveCfg = Release|x64
		{DF600F6D-BE2A-3120-BFF7-3BC83880D76C}.Release|x64.Build.0 = Release|x64
		{DF600F6D-BE2A-3120-BFF7-3BC83880D76C}.MinSizeRel|x64.ActiveCfg = MinSizeRel|x64
		{DF600F6D-BE2A-3120-BFF7-3BC83880D76C}.MinSizeRel|x64.Build.0 = MinSizeRel|x64
		{DF600F6D-BE2A-3120-BFF7-3BC83880D76C}.RelWithDebInfo|x64.ActiveCfg = RelWithDebInfo|x64
		{DF600F6D-BE2A-3120-BFF7-3BC83880D76C}.RelWithDebInfo|x64.Build.0 = RelWithDebInfo|x64
		{3D791F6B-3459-3C18-BC94-75276E2C0AE0}.Debug|x64.ActiveCfg = Debug|x64
		{3D791F6B-3459-3C18-BC94-75276E2C0AE0}.Debug|x64.Build.0 = Debug|x64
		{3D791F6B-3459-3C18-BC94-75276E2C0AE0}.Release|x64.ActiveCfg = Release|x64
		{3D791F6B-3459-3C18-BC94-75276E2C0AE0}.Release|x64.Build.0 = Release|x64
		{3D791F6B-3459-3C18-BC94-75276E2C0AE0}.MinSizeRel|x64.ActiveCfg = MinSizeRel|x64
		{3D791F6B-3459-3C18-BC94-75276E2C0AE0}.MinSizeRel|x64.Build.0 = MinSizeRel|x64
		{3D791F6B-3459-3C18-BC94-75276E2C0AE0}.RelWithDebInfo|x64.ActiveCfg = RelWithDebInfo|x64
		{3D791F6B-3459-3C18-BC94-75276E2C0AE0}.RelWithDebInfo|x64.Build.0 = RelWithDebInfo|x64
		{F21414B8-563D-349B-9345-58EE1E1DBC5A}.Debug|x64.ActiveCfg = Debug|x64
		{F21414B8-563D-349B-9345-58EE1E1DBC5A}.Debug|x64.Build.0 = Debug|x64
		{F21414B8-563D-349B-9345-58EE1E1DBC5A}.Release|x64.ActiveCfg = Release|x64
		{F21414B8-563D-349B-9345-58EE1E1DBC5A}.Release|x64.Build.0 = Release|x64
		{F21414B8-563D-349B-9345-58EE1E1DBC5A}.MinSizeRel|x64.ActiveCfg = MinSizeRel|x64
		{F21414B8-563D-349B-9345-58EE1E1DBC5A}.MinSizeRel|x64.Build.0 = MinSizeRel|x64
		{F21414B8-563D-349B-9345-58EE1E1DBC5A}.RelWithDebInfo|x64.ActiveCfg = RelWithDebInfo|x64
		{F21414B8-563D-349B-9345-58EE1E1DBC5A}.RelWithDebInfo|x64.Build.0 = RelWithDebInfo|x64
		{4305A8A1-9134-30E7-9F62-1860C45B7055}.Debug|x64.ActiveCfg = Debug|x64
		{4305A8A1-9134-30E7-9F62-1860C45B7055}.Debug|x64.Build.0 = Debug|x64
		{4305A8A1-9134-30E7-9F62-1860C45B7055}.Release|x64.ActiveCfg = Release|x64
		{4305A8A1-9134-30E7-9F62-1860C45B7055}.Release|x64.Build.0 = Release|x64
		{4305A8A1-9134-30E7-9F62-1860C45B7055}.MinSizeRel|x64.ActiveCfg = MinSizeRel|x64
		{4305A8A1-9134-30E7-9F62-1860C45B7055}.MinSizeRel|x64.Build.0 = MinSizeRel|x64
		{4305A8A1-9134-30E7-9F62-1860C45B7055}.RelWithDebInfo|x64.ActiveCfg = RelWithDebInfo|x64
		{4305A8A1-9134-30E7-9F62-1860C45B7055}.RelWithDebInfo|x64.Build.0 = RelWithDebInfo|x64
		{10D9C45C-94F1-3E84-BAB3-30EED8868427}.Debug|x64.ActiveCfg = Debug|x64
		{10D9C45C-94F1-3E84-BAB3-30EED8868427}.Debug|x64.Build.0 = Debug|x64
		{10D9C45C-94F1-3E84-BAB3-30EED8868427}.Release|x64.ActiveCfg = Release|x64
		{10D9C45C-94F1-3E84-BAB3-30EED8868427}.Release|x64.Build.0 = Release|x64
		{10D9C45C-94F1-3E84-BAB3-30EED8868427}.MinSizeRel|x64.ActiveCfg = MinSizeRel|x64
		{10D9C45C-94F1-3E84-BAB3-30EED8868427}.MinSizeRel|x64.Build.0 = MinSizeRel|x64
		{10D9C45C-94F1-3E84-BAB3-30EED8868427}.RelWithDebInfo|x64.ActiveCfg = RelWithDebInfo|x64
		{10D9C45C-94F1-3E84-BAB3-30EED8868427}.RelWithDebInfo|x64.Build.0 = RelWithDebInfo|x64
	EndGlobalSection
	GlobalSection(NestedProjects) = preSolution
		{25AC6539-3579-3E30-969C-76B1457BBD09} = {8960404F-E36B-3A1A-A8DA-A188D188B210}
		{6BC3122E-8BA0-3440-91EB-AD293E1AF4D5} = {8960404F-E36B-3A1A-A8DA-A188D188B210}
		{10730C81-DD03-30B1-8885-A9D651CEECCD} = {692C5DFF-FD43-31E1-8187-96E4E260D952}
		{42093894-874E-3630-A13C-7485BB30F551} = {692C5DFF-FD43-31E1-8187-96E4E260D952}
		{C19B8D53-8E6E-39CE-A027-3BE5FB992EF6} = {692C5DFF-FD43-31E1-8187-96E4E260D952}
		{514C6319-D873-3871-A709-FE3D8CD5AA43} = {692C5DFF-FD43-31E1-8187-96E4E260D952}
		{AC21CB6A-2ED0-3AEE-B65A-0685CFB75CBF} = {692C5DFF-FD43-31E1-8187-96E4E260D952}
		{8B85C55E-C2F6-31CF-8E6D-BC91D76BED6F} = {692C5DFF-FD43-31E1-8187-96E4E260D952}
		{DF600F6D-BE2A-3120-BFF7-3BC83880D76C} = {692C5DFF-FD43-31E1-8187-96E4E260D952}
		{3D791F6B-3459-3C18-BC94-75276E2C0AE0} = {692C5DFF-FD43-31E1-8187-96E4E260D952}
		{F21414B8-563D-349B-9345-58EE1E1DBC5A} = {692C5DFF-FD43-31E1-8187-96E4E260D952}
		{4305A8A1-9134-30E7-9F62-1860C45B7055} = {692C5DFF-FD43-31E1-8187-96E4E260D952}
		{10D9C45C-94F1-3E84-BAB3-30EED8868427} = {692C5DFF-FD43-31E1-8187-96E4E260D952}
		{551B6B27-792E-396E-9B15-2276CA272C5F} = {8C119D16-289D-3E4F-9456-5870F8F60CAF}
	EndGlobalSection
	GlobalSection(ExtensibilityGlobals) = postSolution
		SolutionGuid = {31C39A6A-0BB8-330A-B8AF-5758C68F77F9}
	EndGlobalSection
	GlobalSection(ExtensibilityAddIns) = postSolution
	EndGlobalSection
EndGlobal
